<?xml version="1.0" encoding="utf-8"?>
<Project ToolsVersion="4.0" xmlns="http://schemas.microsoft.com/developer/msbuild/2003">
  <ItemGroup>
    <Filter Include="MainApp">
      <UniqueIdentifier>{01af11d9-c629-4fe3-a6c2-ae6dd9b09f3d}</UniqueIdentifier>
    </Filter>
    <Filter Include="Default">
      <UniqueIdentifier>{0fd167ed-7228-4feb-bb82-36aa488a94f0}</UniqueIdentifier>
    </Filter>
    <Filter Include="GameObject">
      <UniqueIdentifier>{9b3de8bf-87d0-4444-8a78-f36b60bc16c2}</UniqueIdentifier>
    </Filter>
    <Filter Include="GameObject\Player">
      <UniqueIdentifier>{911d0f96-2f51-4222-abe0-6e689019e1b7}</UniqueIdentifier>
    </Filter>
    <Filter Include="GameObject\Bullet">
      <UniqueIdentifier>{bf81364a-ab43-4b5f-b164-d67183233c0d}</UniqueIdentifier>
    </Filter>
    <Filter Include="Component">
      <UniqueIdentifier>{b4d2ffd8-8d19-4af1-8863-d054df9471c6}</UniqueIdentifier>
    </Filter>
    <Filter Include="Component\Transform">
      <UniqueIdentifier>{3c164176-44df-469e-b24a-36a316fb42a4}</UniqueIdentifier>
    </Filter>
  </ItemGroup>
  <ItemGroup>
    <ClInclude Include="framework.h">
      <Filter>Default</Filter>
    </ClInclude>
    <ClInclude Include="pch.h">
      <Filter>Default</Filter>
    </ClInclude>
    <ClInclude Include="Resource.h">
      <Filter>Default</Filter>
    </ClInclude>
    <ClInclude Include="targetver.h">
      <Filter>Default</Filter>
    </ClInclude>
    <ClInclude Include="WinAPI2.h">
      <Filter>Default</Filter>
    </ClInclude>
    <ClInclude Include="MainApp.h">
      <Filter>MainApp</Filter>
    </ClInclude>
    <ClInclude Include="GameObject.h">
      <Filter>GameObject</Filter>
    </ClInclude>
    <ClInclude Include="Player.h">
      <Filter>GameObject\Player</Filter>
    </ClInclude>
    <ClInclude Include="Bullet.h">
      <Filter>GameObject\Bullet</Filter>
    </ClInclude>
    <ClInclude Include="IComponent.h">
      <Filter>Component</Filter>
    </ClInclude>
    <ClInclude Include="Transform.h">
      <Filter>Component\Transform</Filter>
    </ClInclude>
  </ItemGroup>
  <ItemGroup>
    <ClCompile Include="pch.cpp">
      <Filter>Default</Filter>
    </ClCompile>
    <ClCompile Include="WinAPI2.cpp">
      <Filter>Default</Filter>
    </ClCompile>
    <ClCompile Include="MainApp.cpp">
      <Filter>MainApp</Filter>
    </ClCompile>
    <ClCompile Include="GameObject.cpp">
      <Filter>GameObject</Filter>
    </ClCompile>
    <ClCompile Include="Player.cpp">
      <Filter>GameObject\Player</Filter>
    </ClCompile>
    <ClCompile Include="Bullet.cpp">
      <Filter>GameObject\Bullet</Filter>
    </ClCompile>
    <ClCompile Include="IComponent.cpp">
      <Filter>Component</Filter>
    </ClCompile>
    <ClCompile Include="Transform.cpp">
      <Filter>Component\Transform</Filter>
    </ClCompile>
  </ItemGroup>
  <ItemGroup>
    <Image Include="small.ico">
      <Filter>Default</Filter>
    </Image>
    <Image Include="WinAPI2.ico">
      <Filter>Default</Filter>
    </Image>
  </ItemGroup>
  <ItemGroup>
    <ResourceCompile Include="WinAPI2.rc">
      <Filter>Default</Filter>
    </ResourceCompile>
  </ItemGroup>
</Project>